
Microsoft Visual Studio Solution File, Format Version 12.00
# Visual Studio Version 17
VisualStudioVersion = 17.3.32825.248
MinimumVisualStudioVersion = 10.0.40219.1
Project("{FAE04EC0-301F-11D3-BF4B-00C04F79EFBC}") = "unidad 2", "unidad 2\unidad 2.csproj", "{6AE2491A-EF3F-4D8C-AAA5-AEC222C5A9A1}"
EndProject
Global
	GlobalSection(SolutionConfigurationPlatforms) = preSolution
		Debug|Any CPU = Debug|Any CPU
		Release|Any CPU = Release|Any CPU
	EndGlobalSection
	GlobalSection(ProjectConfigurationPlatforms) = postSolution
		{6AE2491A-EF3F-4D8C-AAA5-AEC222C5A9A1}.Debug|Any CPU.ActiveCfg = Debug|Any CPU
		{6AE2491A-EF3F-4D8C-AAA5-AEC222C5A9A1}.Debug|Any CPU.Build.0 = Debug|Any CPU
		{6AE2491A-EF3F-4D8C-AAA5-AEC222C5A9A1}.Release|Any CPU.ActiveCfg = Release|Any CPU
		{6AE2491A-EF3F-4D8C-AAA5-AEC222C5A9A1}.Release|Any CPU.Build.0 = Release|Any CPU
	EndGlobalSection
	GlobalSection(SolutionProperties) = preSolution
		HideSolutionNode = FALSE
	EndGlobalSection
	GlobalSection(ExtensibilityGlobals) = postSolution
		SolutionGuid = {6F797E49-E40D-4B39-A6CE-1D9CDC7F762A}
	EndGlobalSection
EndGlobal
