
Microsoft Visual Studio Solution File, Format Version 12.00
# Visual Studio Version 17
VisualStudioVersion = 17.3.32819.101
MinimumVisualStudioVersion = 10.0.40219.1
Project("{FAE04EC0-301F-11D3-BF4B-00C04F79EFBC}") = "Unidad1DominguezMaidana", "Unidad1DominguezMaidana.csproj", "{8DD1CFD8-328F-4CCE-85B8-AB3A9A40C939}"
EndProject
Global
	GlobalSection(SolutionConfigurationPlatforms) = preSolution
		Debug|Any CPU = Debug|Any CPU
		Release|Any CPU = Release|Any CPU
	EndGlobalSection
	GlobalSection(ProjectConfigurationPlatforms) = postSolution
		{8DD1CFD8-328F-4CCE-85B8-AB3A9A40C939}.Debug|Any CPU.ActiveCfg = Debug|Any CPU
		{8DD1CFD8-328F-4CCE-85B8-AB3A9A40C939}.Debug|Any CPU.Build.0 = Debug|Any CPU
		{8DD1CFD8-328F-4CCE-85B8-AB3A9A40C939}.Release|Any CPU.ActiveCfg = Release|Any CPU
		{8DD1CFD8-328F-4CCE-85B8-AB3A9A40C939}.Release|Any CPU.Build.0 = Release|Any CPU
	EndGlobalSection
	GlobalSection(SolutionProperties) = preSolution
		HideSolutionNode = FALSE
	EndGlobalSection
	GlobalSection(ExtensibilityGlobals) = postSolution
		SolutionGuid = {DFC2B025-7E8E-4382-98A2-DA737C01D08B}
	EndGlobalSection
EndGlobal
