
Microsoft Visual Studio Solution File, Format Version 12.00
# Visual Studio Version 17
VisualStudioVersion = 17.3.32825.248
MinimumVisualStudioVersion = 10.0.40219.1
Project("{FAE04EC0-301F-11D3-BF4B-00C04F79EFBC}") = "Unidad5DominguezMaidana", "Unidad5DominguezMaidana\Unidad5DominguezMaidana.csproj", "{D999B8DB-509B-41F4-AA91-51C28D53183A}"
EndProject
Global
	GlobalSection(SolutionConfigurationPlatforms) = preSolution
		Debug|Any CPU = Debug|Any CPU
		Release|Any CPU = Release|Any CPU
	EndGlobalSection
	GlobalSection(ProjectConfigurationPlatforms) = postSolution
		{D999B8DB-509B-41F4-AA91-51C28D53183A}.Debug|Any CPU.ActiveCfg = Debug|Any CPU
		{D999B8DB-509B-41F4-AA91-51C28D53183A}.Debug|Any CPU.Build.0 = Debug|Any CPU
		{D999B8DB-509B-41F4-AA91-51C28D53183A}.Release|Any CPU.ActiveCfg = Release|Any CPU
		{D999B8DB-509B-41F4-AA91-51C28D53183A}.Release|Any CPU.Build.0 = Release|Any CPU
	EndGlobalSection
	GlobalSection(SolutionProperties) = preSolution
		HideSolutionNode = FALSE
	EndGlobalSection
	GlobalSection(ExtensibilityGlobals) = postSolution
		SolutionGuid = {043A04CA-63F9-4D13-A68D-8E242766105D}
	EndGlobalSection
EndGlobal
