
Microsoft Visual Studio Solution File, Format Version 12.00
# Visual Studio Version 17
VisualStudioVersion = 17.3.32825.248
MinimumVisualStudioVersion = 10.0.40219.1
Project("{FAE04EC0-301F-11D3-BF4B-00C04F79EFBC}") = "Unidad2DominguezMaidana", "Unidad2DominguezMaidana\Unidad2DominguezMaidana.csproj", "{AC8DDFF1-34A0-496B-AEE9-DA23655A47CC}"
EndProject
Global
	GlobalSection(SolutionConfigurationPlatforms) = preSolution
		Debug|Any CPU = Debug|Any CPU
		Release|Any CPU = Release|Any CPU
	EndGlobalSection
	GlobalSection(ProjectConfigurationPlatforms) = postSolution
		{AC8DDFF1-34A0-496B-AEE9-DA23655A47CC}.Debug|Any CPU.ActiveCfg = Debug|Any CPU
		{AC8DDFF1-34A0-496B-AEE9-DA23655A47CC}.Debug|Any CPU.Build.0 = Debug|Any CPU
		{AC8DDFF1-34A0-496B-AEE9-DA23655A47CC}.Release|Any CPU.ActiveCfg = Release|Any CPU
		{AC8DDFF1-34A0-496B-AEE9-DA23655A47CC}.Release|Any CPU.Build.0 = Release|Any CPU
	EndGlobalSection
	GlobalSection(SolutionProperties) = preSolution
		HideSolutionNode = FALSE
	EndGlobalSection
	GlobalSection(ExtensibilityGlobals) = postSolution
		SolutionGuid = {4C22FE9E-A8BF-4967-AF39-76897C6F14E5}
	EndGlobalSection
EndGlobal
